// !$*UTF8*$!
{
	archiveVersion = 1;
	classes = {
	};
	objectVersion = 46;
	objects = {

/* Begin PBXBuildFile section */
		31C3001CA1CE19EAA34853C1 /* libPods-07--JiaXingCivilization.a in Frameworks */ = {isa = PBXBuildFile; fileRef = 91B716FBBB057ABAB7639BB8 /* libPods-07--JiaXingCivilization.a */; };
		E72207DF1D1B80F70085228B /* TwoViewController.m in Sources */ = {isa = PBXBuildFile; fileRef = E72207DE1D1B80F70085228B /* TwoViewController.m */; };
		E72207E21D1B84F60085228B /* NoticeViewController.m in Sources */ = {isa = PBXBuildFile; fileRef = E72207E11D1B84F60085228B /* NoticeViewController.m */; };
		E72207E51D1B85360085228B /* LinkViewController.m in Sources */ = {isa = PBXBuildFile; fileRef = E72207E41D1B85360085228B /* LinkViewController.m */; };
		E72207E81D1B85AE0085228B /* ShareViewController.m in Sources */ = {isa = PBXBuildFile; fileRef = E72207E71D1B85AE0085228B /* ShareViewController.m */; };
		E72207EC1D1B89900085228B /* LinkCollectionViewCell.m in Sources */ = {isa = PBXBuildFile; fileRef = E72207EA1D1B89900085228B /* LinkCollectionViewCell.m */; };
		E72207ED1D1B89900085228B /* LinkCollectionViewCell.xib in Resources */ = {isa = PBXBuildFile; fileRef = E72207EB1D1B89900085228B /* LinkCollectionViewCell.xib */; };
		E72207F01D1BADBC0085228B /* LinkDetailViewController.m in Sources */ = {isa = PBXBuildFile; fileRef = E72207EF1D1BADBC0085228B /* LinkDetailViewController.m */; };
		E72207F21D1BC9380085228B /* Main.storyboard in Resources */ = {isa = PBXBuildFile; fileRef = E72207F11D1BC9380085228B /* Main.storyboard */; };
		E74100EB1D1A67CD00513ADA /* News.m in Sources */ = {isa = PBXBuildFile; fileRef = E74100EA1D1A67CD00513ADA /* News.m */; };
		E74100EE1D1A67E200513ADA /* Banner.m in Sources */ = {isa = PBXBuildFile; fileRef = E74100ED1D1A67E200513ADA /* Banner.m */; };
		E74100F61D1A692200513ADA /* NewsTableViewCell.m in Sources */ = {isa = PBXBuildFile; fileRef = E74100F41D1A692200513ADA /* NewsTableViewCell.m */; };
		E74100F71D1A692200513ADA /* NewsTableViewCell.xib in Resources */ = {isa = PBXBuildFile; fileRef = E74100F51D1A692200513ADA /* NewsTableViewCell.xib */; };
		E74100FE1D1A944C00513ADA /* ProfoundViewController.m in Sources */ = {isa = PBXBuildFile; fileRef = E74100FD1D1A944C00513ADA /* ProfoundViewController.m */; };
		E74101011D1A947400513ADA /* CommonViewController.m in Sources */ = {isa = PBXBuildFile; fileRef = E74101001D1A947400513ADA /* CommonViewController.m */; };
		E74101041D1A949900513ADA /* CivilizationViewController.m in Sources */ = {isa = PBXBuildFile; fileRef = E74101031D1A949900513ADA /* CivilizationViewController.m */; };
		E74101371D1AB72000513ADA /* Details.m in Sources */ = {isa = PBXBuildFile; fileRef = E74101361D1AB72000513ADA /* Details.m */; };
		E7BAA5D61D1A5526005BDFC4 /* main.m in Sources */ = {isa = PBXBuildFile; fileRef = E7BAA5D51D1A5526005BDFC4 /* main.m */; };
		E7BAA5D91D1A5526005BDFC4 /* AppDelegate.m in Sources */ = {isa = PBXBuildFile; fileRef = E7BAA5D81D1A5526005BDFC4 /* AppDelegate.m */; };
		E7BAA5E21D1A5526005BDFC4 /* _7__JiaXingCivilization.xcdatamodeld in Sources */ = {isa = PBXBuildFile; fileRef = E7BAA5E01D1A5526005BDFC4 /* _7__JiaXingCivilization.xcdatamodeld */; };
		E7BAA5E41D1A5526005BDFC4 /* Assets.xcassets in Resources */ = {isa = PBXBuildFile; fileRef = E7BAA5E31D1A5526005BDFC4 /* Assets.xcassets */; };
		E7BAA5E71D1A5526005BDFC4 /* LaunchScreen.storyboard in Resources */ = {isa = PBXBuildFile; fileRef = E7BAA5E51D1A5526005BDFC4 /* LaunchScreen.storyboard */; };
		E7BAA5F11D1A5AF7005BDFC4 /* NewsViewController.m in Sources */ = {isa = PBXBuildFile; fileRef = E7BAA5F01D1A5AF7005BDFC4 /* NewsViewController.m */; };
		E7BAA5F41D1A5B86005BDFC4 /* TitlesViewController.m in Sources */ = {isa = PBXBuildFile; fileRef = E7BAA5F31D1A5B86005BDFC4 /* TitlesViewController.m */; };
		E7BAA5F71D1A5BB1005BDFC4 /* DetailsViewController.m in Sources */ = {isa = PBXBuildFile; fileRef = E7BAA5F61D1A5BB1005BDFC4 /* DetailsViewController.m */; };
/* End PBXBuildFile section */

/* Begin PBXFileReference section */
		2DDC8BD114165F2FC7360317 /* Pods-07--JiaXingCivilization.release.xcconfig */ = {isa = PBXFileReference; includeInIndex = 1; lastKnownFileType = text.xcconfig; name = "Pods-07--JiaXingCivilization.release.xcconfig"; path = "Pods/Target Support Files/Pods-07--JiaXingCivilization/Pods-07--JiaXingCivilization.release.xcconfig"; sourceTree = "<group>"; };
		91B716FBBB057ABAB7639BB8 /* libPods-07--JiaXingCivilization.a */ = {isa = PBXFileReference; explicitFileType = archive.ar; includeInIndex = 0; path = "libPods-07--JiaXingCivilization.a"; sourceTree = BUILT_PRODUCTS_DIR; };
		9F43417C7845C8865F83D413 /* Pods-07--JiaXingCivilization.debug.xcconfig */ = {isa = PBXFileReference; includeInIndex = 1; lastKnownFileType = text.xcconfig; name = "Pods-07--JiaXingCivilization.debug.xcconfig"; path = "Pods/Target Support Files/Pods-07--JiaXingCivilization/Pods-07--JiaXingCivilization.debug.xcconfig"; sourceTree = "<group>"; };
		E72207DD1D1B80F70085228B /* TwoViewController.h */ = {isa = PBXFileReference; fileEncoding = 4; lastKnownFileType = sourcecode.c.h; name = TwoViewController.h; path = CivilizationController/TwoViewController.h; sourceTree = "<group>"; };
		E72207DE1D1B80F70085228B /* TwoViewController.m */ = {isa = PBXFileReference; fileEncoding = 4; lastKnownFileType = sourcecode.c.objc; name = TwoViewController.m; path = CivilizationController/TwoViewController.m; sourceTree = "<group>"; };
		E72207E01D1B84F60085228B /* NoticeViewController.h */ = {isa = PBXFileReference; fileEncoding = 4; lastKnownFileType = sourcecode.c.h; name = NoticeViewController.h; path = CivilizationController/NoticeViewController.h; sourceTree = "<group>"; };
		E72207E11D1B84F60085228B /* NoticeViewController.m */ = {isa = PBXFileReference; fileEncoding = 4; lastKnownFileType = sourcecode.c.objc; name = NoticeViewController.m; path = CivilizationController/NoticeViewController.m; sourceTree = "<group>"; };
		E72207E31D1B85360085228B /* LinkViewController.h */ = {isa = PBXFileReference; fileEncoding = 4; lastKnownFileType = sourcecode.c.h; name = LinkViewController.h; path = CivilizationController/LinkViewController.h; sourceTree = "<group>"; };
		E72207E41D1B85360085228B /* LinkViewController.m */ = {isa = PBXFileReference; fileEncoding = 4; lastKnownFileType = sourcecode.c.objc; name = LinkViewController.m; path = CivilizationController/LinkViewController.m; sourceTree = "<group>"; };
		E72207E61D1B85AE0085228B /* ShareViewController.h */ = {isa = PBXFileReference; fileEncoding = 4; lastKnownFileType = sourcecode.c.h; name = ShareViewController.h; path = CivilizationController/ShareViewController.h; sourceTree = "<group>"; };
		E72207E71D1B85AE0085228B /* ShareViewController.m */ = {isa = PBXFileReference; fileEncoding = 4; lastKnownFileType = sourcecode.c.objc; name = ShareViewController.m; path = CivilizationController/ShareViewController.m; sourceTree = "<group>"; };
		E72207E91D1B89900085228B /* LinkCollectionViewCell.h */ = {isa = PBXFileReference; fileEncoding = 4; lastKnownFileType = sourcecode.c.h; name = LinkCollectionViewCell.h; path = View/LinkCollectionViewCell.h; sourceTree = "<group>"; };
		E72207EA1D1B89900085228B /* LinkCollectionViewCell.m */ = {isa = PBXFileReference; fileEncoding = 4; lastKnownFileType = sourcecode.c.objc; name = LinkCollectionViewCell.m; path = View/LinkCollectionViewCell.m; sourceTree = "<group>"; };
		E72207EB1D1B89900085228B /* LinkCollectionViewCell.xib */ = {isa = PBXFileReference; fileEncoding = 4; lastKnownFileType = file.xib; name = LinkCollectionViewCell.xib; path = View/LinkCollectionViewCell.xib; sourceTree = "<group>"; };
		E72207EE1D1BADBC0085228B /* LinkDetailViewController.h */ = {isa = PBXFileReference; fileEncoding = 4; lastKnownFileType = sourcecode.c.h; name = LinkDetailViewController.h; path = CivilizationController/LinkDetailViewController.h; sourceTree = "<group>"; };
		E72207EF1D1BADBC0085228B /* LinkDetailViewController.m */ = {isa = PBXFileReference; fileEncoding = 4; lastKnownFileType = sourcecode.c.objc; name = LinkDetailViewController.m; path = CivilizationController/LinkDetailViewController.m; sourceTree = "<group>"; };
		E72207F11D1BC9380085228B /* Main.storyboard */ = {isa = PBXFileReference; fileEncoding = 4; lastKnownFileType = file.storyboard; path = Main.storyboard; sourceTree = "<group>"; };
		E74100E81D1A669B00513ADA /* PrefixHeader.pch */ = {isa = PBXFileReference; lastKnownFileType = sourcecode.c.h; path = PrefixHeader.pch; sourceTree = "<group>"; };
		E74100E91D1A67CD00513ADA /* News.h */ = {isa = PBXFileReference; fileEncoding = 4; lastKnownFileType = sourcecode.c.h; name = News.h; path = Models/News.h; sourceTree = "<group>"; };
		E74100EA1D1A67CD00513ADA /* News.m */ = {isa = PBXFileReference; fileEncoding = 4; lastKnownFileType = sourcecode.c.objc; name = News.m; path = Models/News.m; sourceTree = "<group>"; };
		E74100EC1D1A67E200513ADA /* Banner.h */ = {isa = PBXFileReference; fileEncoding = 4; lastKnownFileType = sourcecode.c.h; name = Banner.h; path = Models/Banner.h; sourceTree = "<group>"; };
		E74100ED1D1A67E200513ADA /* Banner.m */ = {isa = PBXFileReference; fileEncoding = 4; lastKnownFileType = sourcecode.c.objc; name = Banner.m; path = Models/Banner.m; sourceTree = "<group>"; };
		E74100F31D1A692200513ADA /* NewsTableViewCell.h */ = {isa = PBXFileReference; fileEncoding = 4; lastKnownFileType = sourcecode.c.h; name = NewsTableViewCell.h; path = View/NewsTableViewCell.h; sourceTree = "<group>"; };
		E74100F41D1A692200513ADA /* NewsTableViewCell.m */ = {isa = PBXFileReference; fileEncoding = 4; lastKnownFileType = sourcecode.c.objc; name = NewsTableViewCell.m; path = View/NewsTableViewCell.m; sourceTree = "<group>"; };
		E74100F51D1A692200513ADA /* NewsTableViewCell.xib */ = {isa = PBXFileReference; fileEncoding = 4; lastKnownFileType = file.xib; name = NewsTableViewCell.xib; path = View/NewsTableViewCell.xib; sourceTree = "<group>"; };
		E74100FC1D1A944C00513ADA /* ProfoundViewController.h */ = {isa = PBXFileReference; fileEncoding = 4; lastKnownFileType = sourcecode.c.h; name = ProfoundViewController.h; path = Controller/ProfoundViewController.h; sourceTree = "<group>"; };
		E74100FD1D1A944C00513ADA /* ProfoundViewController.m */ = {isa = PBXFileReference; fileEncoding = 4; lastKnownFileType = sourcecode.c.objc; name = ProfoundViewController.m; path = Controller/ProfoundViewController.m; sourceTree = "<group>"; };
		E74100FF1D1A947400513ADA /* CommonViewController.h */ = {isa = PBXFileReference; fileEncoding = 4; lastKnownFileType = sourcecode.c.h; name = CommonViewController.h; path = Controller/CommonViewController.h; sourceTree = "<group>"; };
		E74101001D1A947400513ADA /* CommonViewController.m */ = {isa = PBXFileReference; fileEncoding = 4; lastKnownFileType = sourcecode.c.objc; name = CommonViewController.m; path = Controller/CommonViewController.m; sourceTree = "<group>"; };
		E74101021D1A949900513ADA /* CivilizationViewController.h */ = {isa = PBXFileReference; fileEncoding = 4; lastKnownFileType = sourcecode.c.h; name = CivilizationViewController.h; path = Controller/CivilizationViewController.h; sourceTree = "<group>"; };
		E74101031D1A949900513ADA /* CivilizationViewController.m */ = {isa = PBXFileReference; fileEncoding = 4; lastKnownFileType = sourcecode.c.objc; name = CivilizationViewController.m; path = Controller/CivilizationViewController.m; sourceTree = "<group>"; };
		E74101351D1AB72000513ADA /* Details.h */ = {isa = PBXFileReference; fileEncoding = 4; lastKnownFileType = sourcecode.c.h; name = Details.h; path = Models/Details.h; sourceTree = "<group>"; };
		E74101361D1AB72000513ADA /* Details.m */ = {isa = PBXFileReference; fileEncoding = 4; lastKnownFileType = sourcecode.c.objc; name = Details.m; path = Models/Details.m; sourceTree = "<group>"; };
		E7BAA5D11D1A5526005BDFC4 /* 07--JiaXingCivilization.app */ = {isa = PBXFileReference; explicitFileType = wrapper.application; includeInIndex = 0; path = "07--JiaXingCivilization.app"; sourceTree = BUILT_PRODUCTS_DIR; };
		E7BAA5D51D1A5526005BDFC4 /* main.m */ = {isa = PBXFileReference; lastKnownFileType = sourcecode.c.objc; path = main.m; sourceTree = "<group>"; };
		E7BAA5D71D1A5526005BDFC4 /* AppDelegate.h */ = {isa = PBXFileReference; lastKnownFileType = sourcecode.c.h; path = AppDelegate.h; sourceTree = "<group>"; };
		E7BAA5D81D1A5526005BDFC4 /* AppDelegate.m */ = {isa = PBXFileReference; lastKnownFileType = sourcecode.c.objc; path = AppDelegate.m; sourceTree = "<group>"; };
		E7BAA5E11D1A5526005BDFC4 /* _7__JiaXingCivilization.xcdatamodel */ = {isa = PBXFileReference; lastKnownFileType = wrapper.xcdatamodel; path = _7__JiaXingCivilization.xcdatamodel; sourceTree = "<group>"; };
		E7BAA5E31D1A5526005BDFC4 /* Assets.xcassets */ = {isa = PBXFileReference; lastKnownFileType = folder.assetcatalog; path = Assets.xcassets; sourceTree = "<group>"; };
		E7BAA5E61D1A5526005BDFC4 /* Base */ = {isa = PBXFileReference; lastKnownFileType = file.storyboard; name = Base; path = Base.lproj/LaunchScreen.storyboard; sourceTree = "<group>"; };
		E7BAA5E81D1A5526005BDFC4 /* Info.plist */ = {isa = PBXFileReference; lastKnownFileType = text.plist.xml; path = Info.plist; sourceTree = "<group>"; };
		E7BAA5EF1D1A5AF7005BDFC4 /* NewsViewController.h */ = {isa = PBXFileReference; fileEncoding = 4; lastKnownFileType = sourcecode.c.h; name = NewsViewController.h; path = Controller/NewsViewController.h; sourceTree = "<group>"; };
		E7BAA5F01D1A5AF7005BDFC4 /* NewsViewController.m */ = {isa = PBXFileReference; fileEncoding = 4; lastKnownFileType = sourcecode.c.objc; name = NewsViewController.m; path = Controller/NewsViewController.m; sourceTree = "<group>"; };
		E7BAA5F21D1A5B86005BDFC4 /* TitlesViewController.h */ = {isa = PBXFileReference; fileEncoding = 4; lastKnownFileType = sourcecode.c.h; name = TitlesViewController.h; path = Controller/TitlesViewController.h; sourceTree = "<group>"; };
		E7BAA5F31D1A5B86005BDFC4 /* TitlesViewController.m */ = {isa = PBXFileReference; fileEncoding = 4; lastKnownFileType = sourcecode.c.objc; name = TitlesViewController.m; path = Controller/TitlesViewController.m; sourceTree = "<group>"; };
		E7BAA5F51D1A5BB1005BDFC4 /* DetailsViewController.h */ = {isa = PBXFileReference; fileEncoding = 4; lastKnownFileType = sourcecode.c.h; name = DetailsViewController.h; path = Controller/DetailsViewController.h; sourceTree = "<group>"; };
		E7BAA5F61D1A5BB1005BDFC4 /* DetailsViewController.m */ = {isa = PBXFileReference; fileEncoding = 4; lastKnownFileType = sourcecode.c.objc; name = DetailsViewController.m; path = Controller/DetailsViewController.m; sourceTree = "<group>"; };
/* End PBXFileReference section */

/* Begin PBXFrameworksBuildPhase section */
		E7BAA5CE1D1A5526005BDFC4 /* Frameworks */ = {
			isa = PBXFrameworksBuildPhase;
			buildActionMask = 2147483647;
			files = (
				31C3001CA1CE19EAA34853C1 /* libPods-07--JiaXingCivilization.a in Frameworks */,
			);
			runOnlyForDeploymentPostprocessing = 0;
		};
/* End PBXFrameworksBuildPhase section */

/* Begin PBXGroup section */
		82D9C3EF5C76E007575A7779 /* Frameworks */ = {
			isa = PBXGroup;
			children = (
				91B716FBBB057ABAB7639BB8 /* libPods-07--JiaXingCivilization.a */,
			);
			name = Frameworks;
			sourceTree = "<group>";
		};
		CBA09180AC9E40C109648351 /* Pods */ = {
			isa = PBXGroup;
			children = (
				9F43417C7845C8865F83D413 /* Pods-07--JiaXingCivilization.debug.xcconfig */,
				2DDC8BD114165F2FC7360317 /* Pods-07--JiaXingCivilization.release.xcconfig */,
			);
			name = Pods;
			sourceTree = "<group>";
		};
		E74100F21D1A68D200513ADA /* View */ = {
			isa = PBXGroup;
			children = (
				E74100F31D1A692200513ADA /* NewsTableViewCell.h */,
				E74100F41D1A692200513ADA /* NewsTableViewCell.m */,
				E74100F51D1A692200513ADA /* NewsTableViewCell.xib */,
				E72207E91D1B89900085228B /* LinkCollectionViewCell.h */,
				E72207EA1D1B89900085228B /* LinkCollectionViewCell.m */,
				E72207EB1D1B89900085228B /* LinkCollectionViewCell.xib */,
			);
			name = View;
			sourceTree = "<group>";
		};
		E74100F81D1A8BA300513ADA /* 要闻 */ = {
			isa = PBXGroup;
			children = (
				E74100F21D1A68D200513ADA /* View */,
				E7BAA5F91D1A5BDF005BDFC4 /* Models */,
				E7BAA5EE1D1A5AAB005BDFC4 /* Controller */,
			);
			name = "要闻";
			sourceTree = "<group>";
		};
		E74100F91D1A8BB700513ADA /* 微文明 */ = {
			isa = PBXGroup;
			children = (
				E74100FC1D1A944C00513ADA /* ProfoundViewController.h */,
				E74100FD1D1A944C00513ADA /* ProfoundViewController.m */,
			);
			name = "微文明";
			sourceTree = "<group>";
		};
		E74100FA1D1A8BC300513ADA /* 公益 */ = {
			isa = PBXGroup;
			children = (
				E74100FF1D1A947400513ADA /* CommonViewController.h */,
				E74101001D1A947400513ADA /* CommonViewController.m */,
			);
			name = "公益";
			sourceTree = "<group>";
		};
		E74100FB1D1A8BCC00513ADA /* 文明办 */ = {
			isa = PBXGroup;
			children = (
				E74101021D1A949900513ADA /* CivilizationViewController.h */,
				E74101031D1A949900513ADA /* CivilizationViewController.m */,
				E72207DD1D1B80F70085228B /* TwoViewController.h */,
				E72207DE1D1B80F70085228B /* TwoViewController.m */,
				E72207E01D1B84F60085228B /* NoticeViewController.h */,
				E72207E11D1B84F60085228B /* NoticeViewController.m */,
				E72207E31D1B85360085228B /* LinkViewController.h */,
				E72207E41D1B85360085228B /* LinkViewController.m */,
				E72207EE1D1BADBC0085228B /* LinkDetailViewController.h */,
				E72207EF1D1BADBC0085228B /* LinkDetailViewController.m */,
				E72207E61D1B85AE0085228B /* ShareViewController.h */,
				E72207E71D1B85AE0085228B /* ShareViewController.m */,
			);
			name = "文明办";
			sourceTree = "<group>";
		};
		E7BAA5C81D1A5526005BDFC4 = {
			isa = PBXGroup;
			children = (
				E74100FB1D1A8BCC00513ADA /* 文明办 */,
				E74100FA1D1A8BC300513ADA /* 公益 */,
				E74100F91D1A8BB700513ADA /* 微文明 */,
				E74100F81D1A8BA300513ADA /* 要闻 */,
				E7BAA5D31D1A5526005BDFC4 /* 07--JiaXingCivilization */,
				E7BAA5D21D1A5526005BDFC4 /* Products */,
				CBA09180AC9E40C109648351 /* Pods */,
				82D9C3EF5C76E007575A7779 /* Frameworks */,
			);
			sourceTree = "<group>";
		};
		E7BAA5D21D1A5526005BDFC4 /* Products */ = {
			isa = PBXGroup;
			children = (
				E7BAA5D11D1A5526005BDFC4 /* 07--JiaXingCivilization.app */,
			);
			name = Products;
			sourceTree = "<group>";
		};
		E7BAA5D31D1A5526005BDFC4 /* 07--JiaXingCivilization */ = {
			isa = PBXGroup;
			children = (
				E7BAA5D71D1A5526005BDFC4 /* AppDelegate.h */,
				E7BAA5D81D1A5526005BDFC4 /* AppDelegate.m */,
				E72207F11D1BC9380085228B /* Main.storyboard */,
				E7BAA5E31D1A5526005BDFC4 /* Assets.xcassets */,
				E7BAA5E51D1A5526005BDFC4 /* LaunchScreen.storyboard */,
				E7BAA5E81D1A5526005BDFC4 /* Info.plist */,
				E7BAA5E01D1A5526005BDFC4 /* _7__JiaXingCivilization.xcdatamodeld */,
				E7BAA5D41D1A5526005BDFC4 /* Supporting Files */,
			);
			path = "07--JiaXingCivilization";
			sourceTree = "<group>";
		};
		E7BAA5D41D1A5526005BDFC4 /* Supporting Files */ = {
			isa = PBXGroup;
			children = (
				E7BAA5D51D1A5526005BDFC4 /* main.m */,
				E74100E81D1A669B00513ADA /* PrefixHeader.pch */,
			);
			name = "Supporting Files";
			sourceTree = "<group>";
		};
		E7BAA5EE1D1A5AAB005BDFC4 /* Controller */ = {
			isa = PBXGroup;
			children = (
				E7BAA5F21D1A5B86005BDFC4 /* TitlesViewController.h */,
				E7BAA5F31D1A5B86005BDFC4 /* TitlesViewController.m */,
				E7BAA5EF1D1A5AF7005BDFC4 /* NewsViewController.h */,
				E7BAA5F01D1A5AF7005BDFC4 /* NewsViewController.m */,
				E7BAA5F51D1A5BB1005BDFC4 /* DetailsViewController.h */,
				E7BAA5F61D1A5BB1005BDFC4 /* DetailsViewController.m */,
			);
			name = Controller;
			sourceTree = "<group>";
		};
		E7BAA5F91D1A5BDF005BDFC4 /* Models */ = {
			isa = PBXGroup;
			children = (
				E74100E91D1A67CD00513ADA /* News.h */,
				E74100EA1D1A67CD00513ADA /* News.m */,
				E74100EC1D1A67E200513ADA /* Banner.h */,
				E74100ED1D1A67E200513ADA /* Banner.m */,
				E74101351D1AB72000513ADA /* Details.h */,
				E74101361D1AB72000513ADA /* Details.m */,
			);
			name = Models;
			sourceTree = "<group>";
		};
/* End PBXGroup section */

/* Begin PBXNativeTarget section */
		E7BAA5D01D1A5526005BDFC4 /* 07--JiaXingCivilization */ = {
			isa = PBXNativeTarget;
			buildConfigurationList = E7BAA5EB1D1A5526005BDFC4 /* Build configuration list for PBXNativeTarget "07--JiaXingCivilization" */;
			buildPhases = (
				BBD9FBACE2816E31DF489F83 /* 📦 Check Pods Manifest.lock */,
				E7BAA5CD1D1A5526005BDFC4 /* Sources */,
				E7BAA5CE1D1A5526005BDFC4 /* Frameworks */,
				E7BAA5CF1D1A5526005BDFC4 /* Resources */,
				EFC4028EE2A1489960A7980A /* 📦 Embed Pods Frameworks */,
				D87C358F6069A51213C186A2 /* 📦 Copy Pods Resources */,
			);
			buildRules = (
			);
			dependencies = (
			);
			name = "07--JiaXingCivilization";
			productName = "07--JiaXingCivilization";
			productReference = E7BAA5D11D1A5526005BDFC4 /* 07--JiaXingCivilization.app */;
			productType = "com.apple.product-type.application";
		};
/* End PBXNativeTarget section */

/* Begin PBXProject section */
		E7BAA5C91D1A5526005BDFC4 /* Project object */ = {
			isa = PBXProject;
			attributes = {
				LastUpgradeCheck = 0710;
				ORGANIZATIONNAME = NSObject;
				TargetAttributes = {
					E7BAA5D01D1A5526005BDFC4 = {
						CreatedOnToolsVersion = 7.1.1;
					};
				};
			};
			buildConfigurationList = E7BAA5CC1D1A5526005BDFC4 /* Build configuration list for PBXProject "07--JiaXingCivilization" */;
			compatibilityVersion = "Xcode 3.2";
			developmentRegion = English;
			hasScannedForEncodings = 0;
			knownRegions = (
				en,
				Base,
			);
			mainGroup = E7BAA5C81D1A5526005BDFC4;
			productRefGroup = E7BAA5D21D1A5526005BDFC4 /* Products */;
			projectDirPath = "";
			projectRoot = "";
			targets = (
				E7BAA5D01D1A5526005BDFC4 /* 07--JiaXingCivilization */,
			);
		};
/* End PBXProject section */

/* Begin PBXResourcesBuildPhase section */
		E7BAA5CF1D1A5526005BDFC4 /* Resources */ = {
			isa = PBXResourcesBuildPhase;
			buildActionMask = 2147483647;
			files = (
				E7BAA5E71D1A5526005BDFC4 /* LaunchScreen.storyboard in Resources */,
				E72207F21D1BC9380085228B /* Main.storyboard in Resources */,
				E72207ED1D1B89900085228B /* LinkCollectionViewCell.xib in Resources */,
				E7BAA5E41D1A5526005BDFC4 /* Assets.xcassets in Resources */,
				E74100F71D1A692200513ADA /* NewsTableViewCell.xib in Resources */,
			);
			runOnlyForDeploymentPostprocessing = 0;
		};
/* End PBXResourcesBuildPhase section */

/* Begin PBXShellScriptBuildPhase section */
		BBD9FBACE2816E31DF489F83 /* 📦 Check Pods Manifest.lock */ = {
			isa = PBXShellScriptBuildPhase;
			buildActionMask = 2147483647;
			files = (
			);
			inputPaths = (
			);
			name = "📦 Check Pods Manifest.lock";
			outputPaths = (
			);
			runOnlyForDeploymentPostprocessing = 0;
			shellPath = /bin/sh;
			shellScript = "diff \"${PODS_ROOT}/../Podfile.lock\" \"${PODS_ROOT}/Manifest.lock\" > /dev/null\nif [[ $? != 0 ]] ; then\n    cat << EOM\nerror: The sandbox is not in sync with the Podfile.lock. Run 'pod install' or update your CocoaPods installation.\nEOM\n    exit 1\nfi\n";
			showEnvVarsInLog = 0;
		};
		D87C358F6069A51213C186A2 /* 📦 Copy Pods Resources */ = {
			isa = PBXShellScriptBuildPhase;
			buildActionMask = 2147483647;
			files = (
			);
			inputPaths = (
			);
			name = "📦 Copy Pods Resources";
			outputPaths = (
			);
			runOnlyForDeploymentPostprocessing = 0;
			shellPath = /bin/sh;
			shellScript = "\"${SRCROOT}/Pods/Target Support Files/Pods-07--JiaXingCivilization/Pods-07--JiaXingCivilization-resources.sh\"\n";
			showEnvVarsInLog = 0;
		};
		EFC4028EE2A1489960A7980A /* 📦 Embed Pods Frameworks */ = {
			isa = PBXShellScriptBuildPhase;
			buildActionMask = 2147483647;
			files = (
			);
			inputPaths = (
			);
			name = "📦 Embed Pods Frameworks";
			outputPaths = (
			);
			runOnlyForDeploymentPostprocessing = 0;
			shellPath = /bin/sh;
			shellScript = "\"${SRCROOT}/Pods/Target Support Files/Pods-07--JiaXingCivilization/Pods-07--JiaXingCivilization-frameworks.sh\"\n";
			showEnvVarsInLog = 0;
		};
/* End PBXShellScriptBuildPhase section */

/* Begin PBXSourcesBuildPhase section */
		E7BAA5CD1D1A5526005BDFC4 /* Sources */ = {
			isa = PBXSourcesBuildPhase;
			buildActionMask = 2147483647;
			files = (
				E7BAA5F41D1A5B86005BDFC4 /* TitlesViewController.m in Sources */,
				E7BAA5D91D1A5526005BDFC4 /* AppDelegate.m in Sources */,
				E72207EC1D1B89900085228B /* LinkCollectionViewCell.m in Sources */,
				E7BAA5F11D1A5AF7005BDFC4 /* NewsViewController.m in Sources */,
				E7BAA5F71D1A5BB1005BDFC4 /* DetailsViewController.m in Sources */,
				E74101011D1A947400513ADA /* CommonViewController.m in Sources */,
				E7BAA5D61D1A5526005BDFC4 /* main.m in Sources */,
				E74100EB1D1A67CD00513ADA /* News.m in Sources */,
				E72207E21D1B84F60085228B /* NoticeViewController.m in Sources */,
				E72207F01D1BADBC0085228B /* LinkDetailViewController.m in Sources */,
				E72207DF1D1B80F70085228B /* TwoViewController.m in Sources */,
				E74100F61D1A692200513ADA /* NewsTableViewCell.m in Sources */,
				E74100EE1D1A67E200513ADA /* Banner.m in Sources */,
				E7BAA5E21D1A5526005BDFC4 /* _7__JiaXingCivilization.xcdatamodeld in Sources */,
				E72207E51D1B85360085228B /* LinkViewController.m in Sources */,
				E74101041D1A949900513ADA /* CivilizationViewController.m in Sources */,
				E74100FE1D1A944C00513ADA /* ProfoundViewController.m in Sources */,
				E72207E81D1B85AE0085228B /* ShareViewController.m in Sources */,
				E74101371D1AB72000513ADA /* Details.m in Sources */,
			);
			runOnlyForDeploymentPostprocessing = 0;
		};
/* End PBXSourcesBuildPhase section */

/* Begin PBXVariantGroup section */
		E7BAA5E51D1A5526005BDFC4 /* LaunchScreen.storyboard */ = {
			isa = PBXVariantGroup;
			children = (
				E7BAA5E61D1A5526005BDFC4 /* Base */,
			);
			name = LaunchScreen.storyboard;
			sourceTree = "<group>";
		};
/* End PBXVariantGroup section */

/* Begin XCBuildConfiguration section */
		E7BAA5E91D1A5526005BDFC4 /* Debug */ = {
			isa = XCBuildConfiguration;
			buildSettings = {
				ALWAYS_SEARCH_USER_PATHS = NO;
				CLANG_CXX_LANGUAGE_STANDARD = "gnu++0x";
				CLANG_CXX_LIBRARY = "libc++";
				CLANG_ENABLE_MODULES = YES;
				CLANG_ENABLE_OBJC_ARC = YES;
				CLANG_WARN_BOOL_CONVERSION = YES;
				CLANG_WARN_CONSTANT_CONVERSION = YES;
				CLANG_WARN_DIRECT_OBJC_ISA_USAGE = YES_ERROR;
				CLANG_WARN_EMPTY_BODY = YES;
				CLANG_WARN_ENUM_CONVERSION = YES;
				CLANG_WARN_INT_CONVERSION = YES;
				CLANG_WARN_OBJC_ROOT_CLASS = YES_ERROR;
				CLANG_WARN_UNREACHABLE_CODE = YES;
				CLANG_WARN__DUPLICATE_METHOD_MATCH = YES;
				"CODE_SIGN_IDENTITY[sdk=iphoneos*]" = "iPhone Developer";
				COPY_PHASE_STRIP = NO;
				DEBUG_INFORMATION_FORMAT = dwarf;
				ENABLE_STRICT_OBJC_MSGSEND = YES;
				ENABLE_TESTABILITY = YES;
				GCC_C_LANGUAGE_STANDARD = gnu99;
				GCC_DYNAMIC_NO_PIC = NO;
				GCC_NO_COMMON_BLOCKS = YES;
				GCC_OPTIMIZATION_LEVEL = 0;
				GCC_PREPROCESSOR_DEFINITIONS = (
					"DEBUG=1",
					"$(inherited)",
				);
				GCC_WARN_64_TO_32_BIT_CONVERSION = YES;
				GCC_WARN_ABOUT_RETURN_TYPE = YES_ERROR;
				GCC_WARN_UNDECLARED_SELECTOR = YES;
				GCC_WARN_UNINITIALIZED_AUTOS = YES_AGGRESSIVE;
				GCC_WARN_UNUSED_FUNCTION = YES;
				GCC_WARN_UNUSED_VARIABLE = YES;
				IPHONEOS_DEPLOYMENT_TARGET = 9.1;
				MTL_ENABLE_DEBUG_INFO = YES;
				ONLY_ACTIVE_ARCH = YES;
				SDKROOT = iphoneos;
			};
			name = Debug;
		};
		E7BAA5EA1D1A5526005BDFC4 /* Release */ = {
			isa = XCBuildConfiguration;
			buildSettings = {
				ALWAYS_SEARCH_USER_PATHS = NO;
				CLANG_CXX_LANGUAGE_STANDARD = "gnu++0x";
				CLANG_CXX_LIBRARY = "libc++";
				CLANG_ENABLE_MODULES = YES;
				CLANG_ENABLE_OBJC_ARC = YES;
				CLANG_WARN_BOOL_CONVERSION = YES;
				CLANG_WARN_CONSTANT_CONVERSION = YES;
				CLANG_WARN_DIRECT_OBJC_ISA_USAGE = YES_ERROR;
				CLANG_WARN_EMPTY_BODY = YES;
				CLANG_WARN_ENUM_CONVERSION = YES;
				CLANG_WARN_INT_CONVERSION = YES;
				CLANG_WARN_OBJC_ROOT_CLASS = YES_ERROR;
				CLANG_WARN_UNREACHABLE_CODE = YES;
				CLANG_WARN__DUPLICATE_METHOD_MATCH = YES;
				"CODE_SIGN_IDENTITY[sdk=iphoneos*]" = "iPhone Developer";
				COPY_PHASE_STRIP = NO;
				DEBUG_INFORMATION_FORMAT = "dwarf-with-dsym";
				ENABLE_NS_ASSERTIONS = NO;
				ENABLE_STRICT_OBJC_MSGSEND = YES;
				GCC_C_LANGUAGE_STANDARD = gnu99;
				GCC_NO_COMMON_BLOCKS = YES;
				GCC_WARN_64_TO_32_BIT_CONVERSION = YES;
				GCC_WARN_ABOUT_RETURN_TYPE = YES_ERROR;
				GCC_WARN_UNDECLARED_SELECTOR = YES;
				GCC_WARN_UNINITIALIZED_AUTOS = YES_AGGRESSIVE;
				GCC_WARN_UNUSED_FUNCTION = YES;
				GCC_WARN_UNUSED_VARIABLE = YES;
				IPHONEOS_DEPLOYMENT_TARGET = 9.1;
				MTL_ENABLE_DEBUG_INFO = NO;
				SDKROOT = iphoneos;
				VALIDATE_PRODUCT = YES;
			};
			name = Release;
		};
		E7BAA5EC1D1A5526005BDFC4 /* Debug */ = {
			isa = XCBuildConfiguration;
			baseConfigurationReference = 9F43417C7845C8865F83D413 /* Pods-07--JiaXingCivilization.debug.xcconfig */;
			buildSettings = {
				ASSETCATALOG_COMPILER_APPICON_NAME = AppIcon;
				GCC_PREFIX_HEADER = "$(SRCROOT)/07--JiaXingCivilization/PrefixHeader.pch";
				INFOPLIST_FILE = "07--JiaXingCivilization/Info.plist";
				LD_RUNPATH_SEARCH_PATHS = "$(inherited) @executable_path/Frameworks";
				PRODUCT_BUNDLE_IDENTIFIER = "Destiny.-7--JiaXingCivilization";
				PRODUCT_NAME = "$(TARGET_NAME)";
				USER_HEADER_SEARCH_PATHS = "$(PODS_ROOT)";
			};
			name = Debug;
		};
		E7BAA5ED1D1A5526005BDFC4 /* Release */ = {
			isa = XCBuildConfiguration;
			baseConfigurationReference = 2DDC8BD114165F2FC7360317 /* Pods-07--JiaXingCivilization.release.xcconfig */;
			buildSettings = {
				ASSETCATALOG_COMPILER_APPICON_NAME = AppIcon;
				GCC_PREFIX_HEADER = "$(SRCROOT)/07--JiaXingCivilization/PrefixHeader.pch";
				INFOPLIST_FILE = "07--JiaXingCivilization/Info.plist";
				LD_RUNPATH_SEARCH_PATHS = "$(inherited) @executable_path/Frameworks";
				PRODUCT_BUNDLE_IDENTIFIER = "Destiny.-7--JiaXingCivilization";
				PRODUCT_NAME = "$(TARGET_NAME)";
				USER_HEADER_SEARCH_PATHS = "$(PODS_ROOT)";
			};
			name = Release;
		};
/* End XCBuildConfiguration section */

/* Begin XCConfigurationList section */
		E7BAA5CC1D1A5526005BDFC4 /* Build configuration list for PBXProject "07--JiaXingCivilization" */ = {
			isa = XCConfigurationList;
			buildConfigurations = (
				E7BAA5E91D1A5526005BDFC4 /* Debug */,
				E7BAA5EA1D1A5526005BDFC4 /* Release */,
			);
			defaultConfigurationIsVisible = 0;
			defaultConfigurationName = Release;
		};
		E7BAA5EB1D1A5526005BDFC4 /* Build configuration list for PBXNativeTarget "07--JiaXingCivilization" */ = {
			isa = XCConfigurationList;
			buildConfigurations = (
				E7BAA5EC1D1A5526005BDFC4 /* Debug */,
				E7BAA5ED1D1A5526005BDFC4 /* Release */,
			);
			defaultConfigurationIsVisible = 0;
			defaultConfigurationName = Release;
		};
/* End XCConfigurationList section */

/* Begin XCVersionGroup section */
		E7BAA5E01D1A5526005BDFC4 /* _7__JiaXingCivilization.xcdatamodeld */ = {
			isa = XCVersionGroup;
			children = (
				E7BAA5E11D1A5526005BDFC4 /* _7__JiaXingCivilization.xcdatamodel */,
			);
			currentVersion = E7BAA5E11D1A5526005BDFC4 /* _7__JiaXingCivilization.xcdatamodel */;
			path = _7__JiaXingCivilization.xcdatamodeld;
			sourceTree = "<group>";
			versionGroupType = wrapper.xcdatamodel;
		};
/* End XCVersionGroup section */
	};
	rootObject = E7BAA5C91D1A5526005BDFC4 /* Project object */;
}
